{
    "_meta": {
        "hash": {
            "sha256": "c45634a20d55a94d70933a5e14cdf965f1b8505333d6e8d50d224a3fd34bb12d"
        },
        "pipfile-spec": 6,
        "requires": {
            "python_version": "3.7"
        },
        "sources": [
            {
                "name": "pypi",
                "url": "https://pypi.org/simple",
                "verify_ssl": true
            }
        ]
    },
    "default": {
        "click": {
            "hashes": [
                "sha256:2335065e6395b9e67ca716de5f7526736bfa6ceead690adf616d925bdc622b13",
                "sha256:5b94b49521f6456670fdb30cd82a4eca9412788a93fa6dd6df72c94d5a8ff2d7"
            ],
            "index": "pypi",
            "version": "==7.0"
        },
        "selenium": {
            "hashes": [
                "sha256:ab192cd046164c40fabcf44b47c66c8b12495142f4a69dcc55ea6eeef096e614",
                "sha256:fdb6b1143d8899e8a32e358ad05bf5d89a480dbac359dbbd341592aa8696dcd1"
            ],
            "index": "pypi",
            "version": "==3.14.1"
        },
        "urllib3": {
            "hashes": [
                "sha256:4c291ca23bbb55c76518905869ef34bdd5f0e46af7afe6861e8375643ffee1a0",
                "sha256:9a247273df709c4fedb38c711e44292304f73f39ab01beda9f6b9fc375669ac3"
            ],
            "index": "pypi",
            "version": "==1.24.2"
        }
    },
    "develop": {}
}
